
Microsoft Visual Studio Solution File, Format Version 12.00
# Visual Studio Version 16
VisualStudioVersion = 16.0.32602.291
MinimumVisualStudioVersion = 10.0.40219.1
Project("{FAE04EC0-301F-11D3-BF4B-00C04F79EFBC}") = "iFlow", "iFlow\iFlow.csproj", "{37CCB2AD-5E3F-41A2-8229-B3172BD32801}"
EndProject
Global
	GlobalSection(SolutionConfigurationPlatforms) = preSolution
		Debug|Any CPU = Debug|Any CPU
		Release|Any CPU = Release|Any CPU
	EndGlobalSection
	GlobalSection(ProjectConfigurationPlatforms) = postSolution
		{37CCB2AD-5E3F-41A2-8229-B3172BD32801}.Debug|Any CPU.ActiveCfg = Debug|Any CPU
		{37CCB2AD-5E3F-41A2-8229-B3172BD32801}.Debug|Any CPU.Build.0 = Debug|Any CPU
		{37CCB2AD-5E3F-41A2-8229-B3172BD32801}.Release|Any CPU.ActiveCfg = Release|Any CPU
		{37CCB2AD-5E3F-41A2-8229-B3172BD32801}.Release|Any CPU.Build.0 = Release|Any CPU
	EndGlobalSection
	GlobalSection(SolutionProperties) = preSolution
		HideSolutionNode = FALSE
	EndGlobalSection
	GlobalSection(ExtensibilityGlobals) = postSolution
		SolutionGuid = {720E0086-C4D8-4CE8-87D1-9784BC0A7E6F}
	EndGlobalSection
EndGlobal
